
Microsoft Visual Studio Solution File, Format Version 12.00
Project("{2150E333-8FDC-42A3-9474-1A3956D46DE8}") = "Core", "Core", "{2087CEBD-9413-4186-95AB-F450D8D286CD}"
EndProject
Project("{2150E333-8FDC-42A3-9474-1A3956D46DE8}") = "Dashboard Services", "Dashboard Services", "{074999FA-232D-4B27-BA7F-1468CD971578}"
EndProject
Project("{2150E333-8FDC-42A3-9474-1A3956D46DE8}") = "Web", "Web", "{B9A33430-9E4C-40A5-9F1D-FE5D91598A59}"
EndProject
Project("{FAE04EC0-301F-11D3-BF4B-00C04F79EFBC}") = "STEAMHOUSE.Base", "src\STEAMHOUSE.Base\STEAMHOUSE.Base.csproj", "{29E7DF73-5C4B-4842-81F7-F2F0578040BC}"
EndProject
Project("{FAE04EC0-301F-11D3-BF4B-00C04F79EFBC}") = "STEAMHOUSE.Infrastruture", "src\STEAMHOUSE.Infrastruture\STEAMHOUSE.Infrastruture.csproj", "{4BC52453-580D-4ACC-9403-247121FF5A40}"
EndProject
Project("{FAE04EC0-301F-11D3-BF4B-00C04F79EFBC}") = "STEAMHOUSE.Dashboard.TaskServices", "src\STEAMHOUSE.Dashboard.TaskServices\STEAMHOUSE.Dashboard.TaskServices.csproj", "{2F7A1D2D-1FB4-46FD-9111-7F05C85CCCC0}"
EndProject
Project("{FAE04EC0-301F-11D3-BF4B-00C04F79EFBC}") = "STEAMHOUSE.Dashboard", "src\STEAMHOUSE.Dashboard\STEAMHOUSE.Dashboard.csproj", "{85FC309C-F34D-40DF-883F-38DCFC8A48D0}"
EndProject
Global
	GlobalSection(SolutionConfigurationPlatforms) = preSolution
		Debug|Any CPU = Debug|Any CPU
		Release|Any CPU = Release|Any CPU
	EndGlobalSection
	GlobalSection(NestedProjects) = preSolution
		{29E7DF73-5C4B-4842-81F7-F2F0578040BC} = {2087CEBD-9413-4186-95AB-F450D8D286CD}
		{4BC52453-580D-4ACC-9403-247121FF5A40} = {2087CEBD-9413-4186-95AB-F450D8D286CD}
		{2F7A1D2D-1FB4-46FD-9111-7F05C85CCCC0} = {074999FA-232D-4B27-BA7F-1468CD971578}
		{85FC309C-F34D-40DF-883F-38DCFC8A48D0} = {B9A33430-9E4C-40A5-9F1D-FE5D91598A59}
	EndGlobalSection
	GlobalSection(ProjectConfigurationPlatforms) = postSolution
		{29E7DF73-5C4B-4842-81F7-F2F0578040BC}.Debug|Any CPU.ActiveCfg = Debug|Any CPU
		{29E7DF73-5C4B-4842-81F7-F2F0578040BC}.Debug|Any CPU.Build.0 = Debug|Any CPU
		{29E7DF73-5C4B-4842-81F7-F2F0578040BC}.Release|Any CPU.ActiveCfg = Release|Any CPU
		{29E7DF73-5C4B-4842-81F7-F2F0578040BC}.Release|Any CPU.Build.0 = Release|Any CPU
		{4BC52453-580D-4ACC-9403-247121FF5A40}.Debug|Any CPU.ActiveCfg = Debug|Any CPU
		{4BC52453-580D-4ACC-9403-247121FF5A40}.Debug|Any CPU.Build.0 = Debug|Any CPU
		{4BC52453-580D-4ACC-9403-247121FF5A40}.Release|Any CPU.ActiveCfg = Release|Any CPU
		{4BC52453-580D-4ACC-9403-247121FF5A40}.Release|Any CPU.Build.0 = Release|Any CPU
		{2F7A1D2D-1FB4-46FD-9111-7F05C85CCCC0}.Debug|Any CPU.ActiveCfg = Debug|Any CPU
		{2F7A1D2D-1FB4-46FD-9111-7F05C85CCCC0}.Debug|Any CPU.Build.0 = Debug|Any CPU
		{2F7A1D2D-1FB4-46FD-9111-7F05C85CCCC0}.Release|Any CPU.ActiveCfg = Release|Any CPU
		{2F7A1D2D-1FB4-46FD-9111-7F05C85CCCC0}.Release|Any CPU.Build.0 = Release|Any CPU
		{85FC309C-F34D-40DF-883F-38DCFC8A48D0}.Debug|Any CPU.ActiveCfg = Debug|Any CPU
		{85FC309C-F34D-40DF-883F-38DCFC8A48D0}.Debug|Any CPU.Build.0 = Debug|Any CPU
		{85FC309C-F34D-40DF-883F-38DCFC8A48D0}.Release|Any CPU.ActiveCfg = Release|Any CPU
		{85FC309C-F34D-40DF-883F-38DCFC8A48D0}.Release|Any CPU.Build.0 = Release|Any CPU
	EndGlobalSection
EndGlobal
